
Microsoft Visual Studio Solution File, Format Version 12.00
# Visual Studio 15
Project("{FAE04EC0-301F-11D3-BF4B-00C04F79EFBC}") = "Assembly-CSharp", "Assembly-CSharp.csproj", "{20C254BF-E936-85D8-913B-4AF98FB3327E}"
EndProject
Project("{FAE04EC0-301F-11D3-BF4B-00C04F79EFBC}") = "Assembly-CSharp-Editor-firstpass", "Assembly-CSharp-Editor-firstpass.csproj", "{49645E5D-5A7C-78F2-F374-5482998EE32A}"
EndProject
Global
	GlobalSection(SolutionConfigurationPlatforms) = preSolution
		Debug|Any CPU = Debug|Any CPU
		Release|Any CPU = Release|Any CPU
	EndGlobalSection
	GlobalSection(ProjectConfigurationPlatforms) = postSolution
		{20C254BF-E936-85D8-913B-4AF98FB3327E}.Debug|Any CPU.ActiveCfg = Debug|Any CPU
		{20C254BF-E936-85D8-913B-4AF98FB3327E}.Debug|Any CPU.Build.0 = Debug|Any CPU
		{20C254BF-E936-85D8-913B-4AF98FB3327E}.Release|Any CPU.ActiveCfg = Release|Any CPU
		{20C254BF-E936-85D8-913B-4AF98FB3327E}.Release|Any CPU.Build.0 = Release|Any CPU
		{49645E5D-5A7C-78F2-F374-5482998EE32A}.Debug|Any CPU.ActiveCfg = Debug|Any CPU
		{49645E5D-5A7C-78F2-F374-5482998EE32A}.Debug|Any CPU.Build.0 = Debug|Any CPU
		{49645E5D-5A7C-78F2-F374-5482998EE32A}.Release|Any CPU.ActiveCfg = Release|Any CPU
		{49645E5D-5A7C-78F2-F374-5482998EE32A}.Release|Any CPU.Build.0 = Release|Any CPU
	EndGlobalSection
	GlobalSection(SolutionProperties) = preSolution
		HideSolutionNode = FALSE
	EndGlobalSection
	GlobalSection(MonoDevelopProperties) = preSolution
		StartupItem = Assembly-CSharp.csproj
	EndGlobalSection
EndGlobal
